
Microsoft Visual Studio Solution File, Format Version 12.00
# Visual Studio Version 16
VisualStudioVersion = 16.0.31702.278
MinimumVisualStudioVersion = 10.0.40219.1
Project("{FAE04EC0-301F-11D3-BF4B-00C04F79EFBC}") = "MagentoApi.SoapSvcUtil", "src\MagentoApi.SoapSvcUtil\MagentoApi.SoapSvcUtil.csproj", "{302D371F-89B0-402C-BD53-03D76E84D76C}"
EndProject
Global
	GlobalSection(SolutionConfigurationPlatforms) = preSolution
		Debug|Any CPU = Debug|Any CPU
		Release|Any CPU = Release|Any CPU
	EndGlobalSection
	GlobalSection(ProjectConfigurationPlatforms) = postSolution
		{302D371F-89B0-402C-BD53-03D76E84D76C}.Debug|Any CPU.ActiveCfg = Debug|Any CPU
		{302D371F-89B0-402C-BD53-03D76E84D76C}.Debug|Any CPU.Build.0 = Debug|Any CPU
		{302D371F-89B0-402C-BD53-03D76E84D76C}.Release|Any CPU.ActiveCfg = Release|Any CPU
		{302D371F-89B0-402C-BD53-03D76E84D76C}.Release|Any CPU.Build.0 = Release|Any CPU
	EndGlobalSection
	GlobalSection(SolutionProperties) = preSolution
		HideSolutionNode = FALSE
	EndGlobalSection
	GlobalSection(ExtensibilityGlobals) = postSolution
		SolutionGuid = {3B8198AB-940A-48D6-8EE9-3EF8D688B0C0}
	EndGlobalSection
EndGlobal
